
Microsoft Visual Studio Solution File, Format Version 12.00
# Visual Studio Version 17
VisualStudioVersion = 17.1.32328.378
MinimumVisualStudioVersion = 10.0.40219.1
Project("{9A19103F-16F7-4668-BE54-9A1E7A4F7556}") = "StringFindAndCount", "StringFindAndCount\StringFindAndCount.csproj", "{66244B5B-5575-4EF6-A8A3-9EE3EB17C41F}"
EndProject
Project("{9A19103F-16F7-4668-BE54-9A1E7A4F7556}") = "StringFindAndCount.Test", "UnitTests\StringFindAndCount.Test.csproj", "{47FFB3CB-6189-4D48-9D27-4921C2580548}"
EndProject
Global
	GlobalSection(SolutionConfigurationPlatforms) = preSolution
		Debug|Any CPU = Debug|Any CPU
		Release|Any CPU = Release|Any CPU
	EndGlobalSection
	GlobalSection(ProjectConfigurationPlatforms) = postSolution
		{66244B5B-5575-4EF6-A8A3-9EE3EB17C41F}.Debug|Any CPU.ActiveCfg = Debug|Any CPU
		{66244B5B-5575-4EF6-A8A3-9EE3EB17C41F}.Debug|Any CPU.Build.0 = Debug|Any CPU
		{66244B5B-5575-4EF6-A8A3-9EE3EB17C41F}.Release|Any CPU.ActiveCfg = Release|Any CPU
		{66244B5B-5575-4EF6-A8A3-9EE3EB17C41F}.Release|Any CPU.Build.0 = Release|Any CPU
		{47FFB3CB-6189-4D48-9D27-4921C2580548}.Debug|Any CPU.ActiveCfg = Debug|Any CPU
		{47FFB3CB-6189-4D48-9D27-4921C2580548}.Debug|Any CPU.Build.0 = Debug|Any CPU
		{47FFB3CB-6189-4D48-9D27-4921C2580548}.Release|Any CPU.ActiveCfg = Release|Any CPU
		{47FFB3CB-6189-4D48-9D27-4921C2580548}.Release|Any CPU.Build.0 = Release|Any CPU
	EndGlobalSection
	GlobalSection(SolutionProperties) = preSolution
		HideSolutionNode = FALSE
	EndGlobalSection
	GlobalSection(ExtensibilityGlobals) = postSolution
		SolutionGuid = {9C28D880-9555-47ED-9051-EEF7A33BB384}
	EndGlobalSection
EndGlobal
